# generated by rye
# use `rye lock` or `rye sync` to update this lockfile
#
# last locked with the following flags:
#   pre: false
#   features: []
#   all-features: false
#   with-sources: false

-e file:.
aiohttp==3.9.5
    # via instructor
aiosignal==1.3.1
    # via aiohttp
annotated-types==0.6.0
    # via pydantic
anyio==4.3.0
    # via httpx
    # via openai
    # via starlette
attrs==23.2.0
    # via aiohttp
black==24.4.2
    # via marimo
certifi==2024.2.2
    # via httpcore
    # via httpx
click==8.1.7
    # via black
    # via marimo
    # via typer
    # via uvicorn
distro==1.9.0
    # via openai
docstring-parser==0.16
    # via instructor
docutils==0.21.2
    # via marimo
frozenlist==1.4.1
    # via aiohttp
    # via aiosignal
h11==0.14.0
    # via httpcore
    # via uvicorn
httpcore==1.0.5
    # via httpx
httpx==0.27.0
    # via openai
idna==3.7
    # via anyio
    # via httpx
    # via yarl
instructor==1.2.5
    # via lca-vibeke
jedi==0.19.1
    # via marimo
joblib==1.4.2
    # via lca-vibeke
marimo==0.4.10
    # via lca-vibeke
markdown==3.6
    # via marimo
    # via pymdown-extensions
markdown-it-py==3.0.0
    # via rich
mdurl==0.1.2
    # via markdown-it-py
multidict==6.0.5
    # via aiohttp
    # via yarl
mypy-extensions==1.0.0
    # via black
openai==1.25.0
    # via instructor
    # via lca-vibeke
packaging==24.0
    # via black
parso==0.8.4
    # via jedi
pathspec==0.12.1
    # via black
platformdirs==4.2.1
    # via black
polars==0.20.23
    # via lca-vibeke
pydantic==2.7.1
    # via instructor
    # via openai
pydantic-core==2.18.2
    # via instructor
    # via pydantic
pygments==2.17.2
    # via marimo
    # via rich
pymdown-extensions==10.8.1
    # via marimo
pypdf2==3.0.1
    # via lca-vibeke
pyyaml==6.0.1
    # via pymdown-extensions
rich==13.7.1
    # via instructor
    # via typer
shellingham==1.5.4
    # via typer
sniffio==1.3.1
    # via anyio
    # via httpx
    # via openai
starlette==0.37.2
    # via marimo
tenacity==8.2.3
    # via instructor
tomlkit==0.12.4
    # via marimo
tqdm==4.66.2
    # via openai
typer==0.12.3
    # via instructor
typing-extensions==4.11.0
    # via openai
    # via pydantic
    # via pydantic-core
    # via typer
uvicorn==0.29.0
    # via marimo
websockets==12.0
    # via marimo
yarl==1.9.4
    # via aiohttp
